
Microsoft Visual Studio Solution File, Format Version 12.00
# Visual Studio Version 17
VisualStudioVersion = 17.5.33516.290
MinimumVisualStudioVersion = 10.0.40219.1
Project("{54A90642-561A-4BB1-A94E-469ADEE60C69}") = "doctorlogin", "DoctorLogIN\doctorlogin.esproj", "{6E6CD2F8-13FE-466F-9565-EF07A96604BF}"
EndProject
Global
	GlobalSection(SolutionConfigurationPlatforms) = preSolution
		Debug|Any CPU = Debug|Any CPU
		Release|Any CPU = Release|Any CPU
	EndGlobalSection
	GlobalSection(ProjectConfigurationPlatforms) = postSolution
		{6E6CD2F8-13FE-466F-9565-EF07A96604BF}.Debug|Any CPU.ActiveCfg = Debug|Any CPU
		{6E6CD2F8-13FE-466F-9565-EF07A96604BF}.Debug|Any CPU.Build.0 = Debug|Any CPU
		{6E6CD2F8-13FE-466F-9565-EF07A96604BF}.Debug|Any CPU.Deploy.0 = Debug|Any CPU
		{6E6CD2F8-13FE-466F-9565-EF07A96604BF}.Release|Any CPU.ActiveCfg = Release|Any CPU
		{6E6CD2F8-13FE-466F-9565-EF07A96604BF}.Release|Any CPU.Build.0 = Release|Any CPU
		{6E6CD2F8-13FE-466F-9565-EF07A96604BF}.Release|Any CPU.Deploy.0 = Release|Any CPU
	EndGlobalSection
	GlobalSection(SolutionProperties) = preSolution
		HideSolutionNode = FALSE
	EndGlobalSection
	GlobalSection(ExtensibilityGlobals) = postSolution
		SolutionGuid = {DBA28BF7-D022-4DFA-ABC3-07FC76643B03}
	EndGlobalSection
EndGlobal
